// !$*UTF8*$!
{
	archiveVersion = 1;
	classes = {
	};
	objectVersion = 48;
	objects = {

/* Begin PBXBuildFile section */
		53A2E8361F9E3E3C00180CE9 /* AlamofireObjectMapper.framework in Frameworks */ = {isa = PBXBuildFile; fileRef = 53A2E8351F9E3E3C00180CE9 /* AlamofireObjectMapper.framework */; };
		53A2E8371F9E3E3C00180CE9 /* AlamofireObjectMapper.framework in Embed Frameworks */ = {isa = PBXBuildFile; fileRef = 53A2E8351F9E3E3C00180CE9 /* AlamofireObjectMapper.framework */; settings = {ATTRIBUTES = (CodeSignOnCopy, RemoveHeadersOnCopy, ); }; };
		53A2E83A1F9E3E4400180CE9 /* Alamofire.framework in Frameworks */ = {isa = PBXBuildFile; fileRef = 53A2E8391F9E3E4400180CE9 /* Alamofire.framework */; };
		53A2E83B1F9E3E4400180CE9 /* Alamofire.framework in Embed Frameworks */ = {isa = PBXBuildFile; fileRef = 53A2E8391F9E3E4400180CE9 /* Alamofire.framework */; settings = {ATTRIBUTES = (CodeSignOnCopy, RemoveHeadersOnCopy, ); }; };
		53A2E83D1F9E3E4900180CE9 /* ObjectMapper.framework in Frameworks */ = {isa = PBXBuildFile; fileRef = 53A2E83C1F9E3E4900180CE9 /* ObjectMapper.framework */; };
		53A2E83E1F9E3E4900180CE9 /* ObjectMapper.framework in Embed Frameworks */ = {isa = PBXBuildFile; fileRef = 53A2E83C1F9E3E4900180CE9 /* ObjectMapper.framework */; settings = {ATTRIBUTES = (CodeSignOnCopy, RemoveHeadersOnCopy, ); }; };
		53A2E8401F9E3F3300180CE9 /* Artist.swift in Sources */ = {isa = PBXBuildFile; fileRef = 53A2E83F1F9E3F3300180CE9 /* Artist.swift */; };
		53A2E8421F9E441400180CE9 /* Connector.swift in Sources */ = {isa = PBXBuildFile; fileRef = 53A2E8411F9E441400180CE9 /* Connector.swift */; };
		53A2E8441F9E48A900180CE9 /* Artists.swift in Sources */ = {isa = PBXBuildFile; fileRef = 53A2E8431F9E48A900180CE9 /* Artists.swift */; };
		53A2E8471F9E524400180CE9 /* ArtistTableViewCell.swift in Sources */ = {isa = PBXBuildFile; fileRef = 53A2E8451F9E524400180CE9 /* ArtistTableViewCell.swift */; };
		53A2E8481F9E524400180CE9 /* ArtistTableViewCell.xib in Resources */ = {isa = PBXBuildFile; fileRef = 53A2E8461F9E524400180CE9 /* ArtistTableViewCell.xib */; };
		53A2E84A1F9E55CB00180CE9 /* ArtistsDetailController.swift in Sources */ = {isa = PBXBuildFile; fileRef = 53A2E8491F9E55CB00180CE9 /* ArtistsDetailController.swift */; };
		53F1255A1F9FA3E600A4A4D1 /* AlbumTableViewCell.swift in Sources */ = {isa = PBXBuildFile; fileRef = 53F125581F9FA3E600A4A4D1 /* AlbumTableViewCell.swift */; };
		53F1255B1F9FA3E600A4A4D1 /* AlbumTableViewCell.xib in Resources */ = {isa = PBXBuildFile; fileRef = 53F125591F9FA3E600A4A4D1 /* AlbumTableViewCell.xib */; };
		53FF393A1F9E27E400B2EFED /* AppDelegate.swift in Sources */ = {isa = PBXBuildFile; fileRef = 53FF39391F9E27E400B2EFED /* AppDelegate.swift */; };
		53FF393C1F9E27E400B2EFED /* ViewController.swift in Sources */ = {isa = PBXBuildFile; fileRef = 53FF393B1F9E27E400B2EFED /* ViewController.swift */; };
		53FF393F1F9E27E400B2EFED /* Main.storyboard in Resources */ = {isa = PBXBuildFile; fileRef = 53FF393D1F9E27E400B2EFED /* Main.storyboard */; };
		53FF39411F9E27E400B2EFED /* Assets.xcassets in Resources */ = {isa = PBXBuildFile; fileRef = 53FF39401F9E27E400B2EFED /* Assets.xcassets */; };
		53FF39441F9E27E400B2EFED /* LaunchScreen.storyboard in Resources */ = {isa = PBXBuildFile; fileRef = 53FF39421F9E27E400B2EFED /* LaunchScreen.storyboard */; };
/* End PBXBuildFile section */

/* Begin PBXCopyFilesBuildPhase section */
		53A2E8381F9E3E3D00180CE9 /* Embed Frameworks */ = {
			isa = PBXCopyFilesBuildPhase;
			buildActionMask = 2147483647;
			dstPath = "";
			dstSubfolderSpec = 10;
			files = (
				53A2E83E1F9E3E4900180CE9 /* ObjectMapper.framework in Embed Frameworks */,
				53A2E8371F9E3E3C00180CE9 /* AlamofireObjectMapper.framework in Embed Frameworks */,
				53A2E83B1F9E3E4400180CE9 /* Alamofire.framework in Embed Frameworks */,
			);
			name = "Embed Frameworks";
			runOnlyForDeploymentPostprocessing = 0;
		};
/* End PBXCopyFilesBuildPhase section */

/* Begin PBXFileReference section */
		53A2E8351F9E3E3C00180CE9 /* AlamofireObjectMapper.framework */ = {isa = PBXFileReference; lastKnownFileType = wrapper.framework; name = AlamofireObjectMapper.framework; path = Carthage/Build/iOS/AlamofireObjectMapper.framework; sourceTree = "<group>"; };
		53A2E8391F9E3E4400180CE9 /* Alamofire.framework */ = {isa = PBXFileReference; lastKnownFileType = wrapper.framework; name = Alamofire.framework; path = Carthage/Build/iOS/Alamofire.framework; sourceTree = "<group>"; };
		53A2E83C1F9E3E4900180CE9 /* ObjectMapper.framework */ = {isa = PBXFileReference; lastKnownFileType = wrapper.framework; name = ObjectMapper.framework; path = Carthage/Build/iOS/ObjectMapper.framework; sourceTree = "<group>"; };
		53A2E83F1F9E3F3300180CE9 /* Artist.swift */ = {isa = PBXFileReference; lastKnownFileType = sourcecode.swift; path = Artist.swift; sourceTree = "<group>"; };
		53A2E8411F9E441400180CE9 /* Connector.swift */ = {isa = PBXFileReference; lastKnownFileType = sourcecode.swift; path = Connector.swift; sourceTree = "<group>"; };
		53A2E8431F9E48A900180CE9 /* Artists.swift */ = {isa = PBXFileReference; lastKnownFileType = sourcecode.swift; path = Artists.swift; sourceTree = "<group>"; };
		53A2E8451F9E524400180CE9 /* ArtistTableViewCell.swift */ = {isa = PBXFileReference; lastKnownFileType = sourcecode.swift; path = ArtistTableViewCell.swift; sourceTree = "<group>"; };
		53A2E8461F9E524400180CE9 /* ArtistTableViewCell.xib */ = {isa = PBXFileReference; lastKnownFileType = file.xib; path = ArtistTableViewCell.xib; sourceTree = "<group>"; };
		53A2E8491F9E55CB00180CE9 /* ArtistsDetailController.swift */ = {isa = PBXFileReference; lastKnownFileType = sourcecode.swift; path = ArtistsDetailController.swift; sourceTree = "<group>"; };
		53F125581F9FA3E600A4A4D1 /* AlbumTableViewCell.swift */ = {isa = PBXFileReference; lastKnownFileType = sourcecode.swift; path = AlbumTableViewCell.swift; sourceTree = "<group>"; };
		53F125591F9FA3E600A4A4D1 /* AlbumTableViewCell.xib */ = {isa = PBXFileReference; lastKnownFileType = file.xib; path = AlbumTableViewCell.xib; sourceTree = "<group>"; };
		53FF39361F9E27E400B2EFED /* ConsultaAutor.app */ = {isa = PBXFileReference; explicitFileType = wrapper.application; includeInIndex = 0; path = ConsultaAutor.app; sourceTree = BUILT_PRODUCTS_DIR; };
		53FF39391F9E27E400B2EFED /* AppDelegate.swift */ = {isa = PBXFileReference; lastKnownFileType = sourcecode.swift; path = AppDelegate.swift; sourceTree = "<group>"; };
		53FF393B1F9E27E400B2EFED /* ViewController.swift */ = {isa = PBXFileReference; lastKnownFileType = sourcecode.swift; path = ViewController.swift; sourceTree = "<group>"; };
		53FF393E1F9E27E400B2EFED /* Base */ = {isa = PBXFileReference; lastKnownFileType = file.storyboard; name = Base; path = Base.lproj/Main.storyboard; sourceTree = "<group>"; };
		53FF39401F9E27E400B2EFED /* Assets.xcassets */ = {isa = PBXFileReference; lastKnownFileType = folder.assetcatalog; path = Assets.xcassets; sourceTree = "<group>"; };
		53FF39431F9E27E400B2EFED /* Base */ = {isa = PBXFileReference; lastKnownFileType = file.storyboard; name = Base; path = Base.lproj/LaunchScreen.storyboard; sourceTree = "<group>"; };
		53FF39451F9E27E400B2EFED /* Info.plist */ = {isa = PBXFileReference; lastKnownFileType = text.plist.xml; path = Info.plist; sourceTree = "<group>"; };
/* End PBXFileReference section */

/* Begin PBXFrameworksBuildPhase section */
		53FF39331F9E27E300B2EFED /* Frameworks */ = {
			isa = PBXFrameworksBuildPhase;
			buildActionMask = 2147483647;
			files = (
				53A2E83D1F9E3E4900180CE9 /* ObjectMapper.framework in Frameworks */,
				53A2E8361F9E3E3C00180CE9 /* AlamofireObjectMapper.framework in Frameworks */,
				53A2E83A1F9E3E4400180CE9 /* Alamofire.framework in Frameworks */,
			);
			runOnlyForDeploymentPostprocessing = 0;
		};
/* End PBXFrameworksBuildPhase section */

/* Begin PBXGroup section */
		53AD605F1F9F891B0020411E /* Controller */ = {
			isa = PBXGroup;
			children = (
				53A2E8491F9E55CB00180CE9 /* ArtistsDetailController.swift */,
				53FF393B1F9E27E400B2EFED /* ViewController.swift */,
			);
			path = Controller;
			sourceTree = "<group>";
		};
		53AD60611F9F89550020411E /* Beans */ = {
			isa = PBXGroup;
			children = (
				53A2E83F1F9E3F3300180CE9 /* Artist.swift */,
				53A2E8431F9E48A900180CE9 /* Artists.swift */,
				53A2E8411F9E441400180CE9 /* Connector.swift */,
			);
			path = Beans;
			sourceTree = "<group>";
		};
		53FF392D1F9E27E300B2EFED = {
			isa = PBXGroup;
			children = (
				53A2E83C1F9E3E4900180CE9 /* ObjectMapper.framework */,
				53A2E8391F9E3E4400180CE9 /* Alamofire.framework */,
				53A2E8351F9E3E3C00180CE9 /* AlamofireObjectMapper.framework */,
				53FF39381F9E27E400B2EFED /* ConsultaAutor */,
				53FF39371F9E27E400B2EFED /* Products */,
			);
			sourceTree = "<group>";
		};
		53FF39371F9E27E400B2EFED /* Products */ = {
			isa = PBXGroup;
			children = (
				53FF39361F9E27E400B2EFED /* ConsultaAutor.app */,
			);
			name = Products;
			sourceTree = "<group>";
		};
		53FF39381F9E27E400B2EFED /* ConsultaAutor */ = {
			isa = PBXGroup;
			children = (
				53AD60611F9F89550020411E /* Beans */,
				53AD605F1F9F891B0020411E /* Controller */,
				53FF39391F9E27E400B2EFED /* AppDelegate.swift */,
				53FF393D1F9E27E400B2EFED /* Main.storyboard */,
				53FF39401F9E27E400B2EFED /* Assets.xcassets */,
				53FF39421F9E27E400B2EFED /* LaunchScreen.storyboard */,
				53FF39451F9E27E400B2EFED /* Info.plist */,
				53A2E8451F9E524400180CE9 /* ArtistTableViewCell.swift */,
				53A2E8461F9E524400180CE9 /* ArtistTableViewCell.xib */,
				53F125581F9FA3E600A4A4D1 /* AlbumTableViewCell.swift */,
				53F125591F9FA3E600A4A4D1 /* AlbumTableViewCell.xib */,
			);
			path = ConsultaAutor;
			sourceTree = "<group>";
		};
/* End PBXGroup section */

/* Begin PBXNativeTarget section */
		53FF39351F9E27E300B2EFED /* ConsultaAutor */ = {
			isa = PBXNativeTarget;
			buildConfigurationList = 53FF39481F9E27E400B2EFED /* Build configuration list for PBXNativeTarget "ConsultaAutor" */;
			buildPhases = (
				53FF39321F9E27E300B2EFED /* Sources */,
				53FF39331F9E27E300B2EFED /* Frameworks */,
				53FF39341F9E27E300B2EFED /* Resources */,
				53A2E8381F9E3E3D00180CE9 /* Embed Frameworks */,
			);
			buildRules = (
			);
			dependencies = (
			);
			name = ConsultaAutor;
			productName = ConsultaAutor;
			productReference = 53FF39361F9E27E400B2EFED /* ConsultaAutor.app */;
			productType = "com.apple.product-type.application";
		};
/* End PBXNativeTarget section */

/* Begin PBXProject section */
		53FF392E1F9E27E300B2EFED /* Project object */ = {
			isa = PBXProject;
			attributes = {
				LastSwiftUpdateCheck = 0900;
				LastUpgradeCheck = 0900;
				ORGANIZATIONNAME = SetonciOS;
				TargetAttributes = {
					53FF39351F9E27E300B2EFED = {
						CreatedOnToolsVersion = 9.0;
						ProvisioningStyle = Automatic;
					};
				};
			};
			buildConfigurationList = 53FF39311F9E27E300B2EFED /* Build configuration list for PBXProject "ConsultaAutor" */;
			compatibilityVersion = "Xcode 8.0";
			developmentRegion = en;
			hasScannedForEncodings = 0;
			knownRegions = (
				en,
				Base,
			);
			mainGroup = 53FF392D1F9E27E300B2EFED;
			productRefGroup = 53FF39371F9E27E400B2EFED /* Products */;
			projectDirPath = "";
			projectRoot = "";
			targets = (
				53FF39351F9E27E300B2EFED /* ConsultaAutor */,
			);
		};
/* End PBXProject section */

/* Begin PBXResourcesBuildPhase section */
		53FF39341F9E27E300B2EFED /* Resources */ = {
			isa = PBXResourcesBuildPhase;
			buildActionMask = 2147483647;
			files = (
				53FF39441F9E27E400B2EFED /* LaunchScreen.storyboard in Resources */,
				53FF39411F9E27E400B2EFED /* Assets.xcassets in Resources */,
				53A2E8481F9E524400180CE9 /* ArtistTableViewCell.xib in Resources */,
				53F1255B1F9FA3E600A4A4D1 /* AlbumTableViewCell.xib in Resources */,
				53FF393F1F9E27E400B2EFED /* Main.storyboard in Resources */,
			);
			runOnlyForDeploymentPostprocessing = 0;
		};
/* End PBXResourcesBuildPhase section */

/* Begin PBXSourcesBuildPhase section */
		53FF39321F9E27E300B2EFED /* Sources */ = {
			isa = PBXSourcesBuildPhase;
			buildActionMask = 2147483647;
			files = (
				53FF393C1F9E27E400B2EFED /* ViewController.swift in Sources */,
				53FF393A1F9E27E400B2EFED /* AppDelegate.swift in Sources */,
				53A2E8441F9E48A900180CE9 /* Artists.swift in Sources */,
				53A2E84A1F9E55CB00180CE9 /* ArtistsDetailController.swift in Sources */,
				53A2E8401F9E3F3300180CE9 /* Artist.swift in Sources */,
				53A2E8421F9E441400180CE9 /* Connector.swift in Sources */,
				53A2E8471F9E524400180CE9 /* ArtistTableViewCell.swift in Sources */,
				53F1255A1F9FA3E600A4A4D1 /* AlbumTableViewCell.swift in Sources */,
			);
			runOnlyForDeploymentPostprocessing = 0;
		};
/* End PBXSourcesBuildPhase section */

/* Begin PBXVariantGroup section */
		53FF393D1F9E27E400B2EFED /* Main.storyboard */ = {
			isa = PBXVariantGroup;
			children = (
				53FF393E1F9E27E400B2EFED /* Base */,
			);
			name = Main.storyboard;
			sourceTree = "<group>";
		};
		53FF39421F9E27E400B2EFED /* LaunchScreen.storyboard */ = {
			isa = PBXVariantGroup;
			children = (
				53FF39431F9E27E400B2EFED /* Base */,
			);
			name = LaunchScreen.storyboard;
			sourceTree = "<group>";
		};
/* End PBXVariantGroup section */

/* Begin XCBuildConfiguration section */
		53FF39461F9E27E400B2EFED /* Debug */ = {
			isa = XCBuildConfiguration;
			buildSettings = {
				ALWAYS_SEARCH_USER_PATHS = NO;
				CLANG_ANALYZER_NONNULL = YES;
				CLANG_ANALYZER_NUMBER_OBJECT_CONVERSION = YES_AGGRESSIVE;
				CLANG_CXX_LANGUAGE_STANDARD = "gnu++14";
				CLANG_CXX_LIBRARY = "libc++";
				CLANG_ENABLE_MODULES = YES;
				CLANG_ENABLE_OBJC_ARC = YES;
				CLANG_WARN_BLOCK_CAPTURE_AUTORELEASING = YES;
				CLANG_WARN_BOOL_CONVERSION = YES;
				CLANG_WARN_COMMA = YES;
				CLANG_WARN_CONSTANT_CONVERSION = YES;
				CLANG_WARN_DIRECT_OBJC_ISA_USAGE = YES_ERROR;
				CLANG_WARN_DOCUMENTATION_COMMENTS = YES;
				CLANG_WARN_EMPTY_BODY = YES;
				CLANG_WARN_ENUM_CONVERSION = YES;
				CLANG_WARN_INFINITE_RECURSION = YES;
				CLANG_WARN_INT_CONVERSION = YES;
				CLANG_WARN_NON_LITERAL_NULL_CONVERSION = YES;
				CLANG_WARN_OBJC_LITERAL_CONVERSION = YES;
				CLANG_WARN_OBJC_ROOT_CLASS = YES_ERROR;
				CLANG_WARN_RANGE_LOOP_ANALYSIS = YES;
				CLANG_WARN_STRICT_PROTOTYPES = YES;
				CLANG_WARN_SUSPICIOUS_MOVE = YES;
				CLANG_WARN_UNGUARDED_AVAILABILITY = YES_AGGRESSIVE;
				CLANG_WARN_UNREACHABLE_CODE = YES;
				CLANG_WARN__DUPLICATE_METHOD_MATCH = YES;
				CODE_SIGN_IDENTITY = "iPhone Developer";
				COPY_PHASE_STRIP = NO;
				DEBUG_INFORMATION_FORMAT = dwarf;
				ENABLE_STRICT_OBJC_MSGSEND = YES;
				ENABLE_TESTABILITY = YES;
				GCC_C_LANGUAGE_STANDARD = gnu11;
				GCC_DYNAMIC_NO_PIC = NO;
				GCC_NO_COMMON_BLOCKS = YES;
				GCC_OPTIMIZATION_LEVEL = 0;
				GCC_PREPROCESSOR_DEFINITIONS = (
					"DEBUG=1",
					"$(inherited)",
				);
				GCC_WARN_64_TO_32_BIT_CONVERSION = YES;
				GCC_WARN_ABOUT_RETURN_TYPE = YES_ERROR;
				GCC_WARN_UNDECLARED_SELECTOR = YES;
				GCC_WARN_UNINITIALIZED_AUTOS = YES_AGGRESSIVE;
				GCC_WARN_UNUSED_FUNCTION = YES;
				GCC_WARN_UNUSED_VARIABLE = YES;
				IPHONEOS_DEPLOYMENT_TARGET = 11.0;
				MTL_ENABLE_DEBUG_INFO = YES;
				ONLY_ACTIVE_ARCH = YES;
				SDKROOT = iphoneos;
				SWIFT_ACTIVE_COMPILATION_CONDITIONS = DEBUG;
				SWIFT_OPTIMIZATION_LEVEL = "-Onone";
			};
			name = Debug;
		};
		53FF39471F9E27E400B2EFED /* Release */ = {
			isa = XCBuildConfiguration;
			buildSettings = {
				ALWAYS_SEARCH_USER_PATHS = NO;
				CLANG_ANALYZER_NONNULL = YES;
				CLANG_ANALYZER_NUMBER_OBJECT_CONVERSION = YES_AGGRESSIVE;
				CLANG_CXX_LANGUAGE_STANDARD = "gnu++14";
				CLANG_CXX_LIBRARY = "libc++";
				CLANG_ENABLE_MODULES = YES;
				CLANG_ENABLE_OBJC_ARC = YES;
				CLANG_WARN_BLOCK_CAPTURE_AUTORELEASING = YES;
				CLANG_WARN_BOOL_CONVERSION = YES;
				CLANG_WARN_COMMA = YES;
				CLANG_WARN_CONSTANT_CONVERSION = YES;
				CLANG_WARN_DIRECT_OBJC_ISA_USAGE = YES_ERROR;
				CLANG_WARN_DOCUMENTATION_COMMENTS = YES;
				CLANG_WARN_EMPTY_BODY = YES;
				CLANG_WARN_ENUM_CONVERSION = YES;
				CLANG_WARN_INFINITE_RECURSION = YES;
				CLANG_WARN_INT_CONVERSION = YES;
				CLANG_WARN_NON_LITERAL_NULL_CONVERSION = YES;
				CLANG_WARN_OBJC_LITERAL_CONVERSION = YES;
				CLANG_WARN_OBJC_ROOT_CLASS = YES_ERROR;
				CLANG_WARN_RANGE_LOOP_ANALYSIS = YES;
				CLANG_WARN_STRICT_PROTOTYPES = YES;
				CLANG_WARN_SUSPICIOUS_MOVE = YES;
				CLANG_WARN_UNGUARDED_AVAILABILITY = YES_AGGRESSIVE;
				CLANG_WARN_UNREACHABLE_CODE = YES;
				CLANG_WARN__DUPLICATE_METHOD_MATCH = YES;
				CODE_SIGN_IDENTITY = "iPhone Developer";
				COPY_PHASE_STRIP = NO;
				DEBUG_INFORMATION_FORMAT = "dwarf-with-dsym";
				ENABLE_NS_ASSERTIONS = NO;
				ENABLE_STRICT_OBJC_MSGSEND = YES;
				GCC_C_LANGUAGE_STANDARD = gnu11;
				GCC_NO_COMMON_BLOCKS = YES;
				GCC_WARN_64_TO_32_BIT_CONVERSION = YES;
				GCC_WARN_ABOUT_RETURN_TYPE = YES_ERROR;
				GCC_WARN_UNDECLARED_SELECTOR = YES;
				GCC_WARN_UNINITIALIZED_AUTOS = YES_AGGRESSIVE;
				GCC_WARN_UNUSED_FUNCTION = YES;
				GCC_WARN_UNUSED_VARIABLE = YES;
				IPHONEOS_DEPLOYMENT_TARGET = 11.0;
				MTL_ENABLE_DEBUG_INFO = NO;
				SDKROOT = iphoneos;
				SWIFT_OPTIMIZATION_LEVEL = "-Owholemodule";
				VALIDATE_PRODUCT = YES;
			};
			name = Release;
		};
		53FF39491F9E27E400B2EFED /* Debug */ = {
			isa = XCBuildConfiguration;
			buildSettings = {
				ASSETCATALOG_COMPILER_APPICON_NAME = AppIcon;
				CODE_SIGN_STYLE = Automatic;
				DEVELOPMENT_TEAM = F5GX626K37;
				FRAMEWORK_SEARCH_PATHS = (
					"$(inherited)",
					"$(PROJECT_DIR)/Carthage/Build/iOS",
				);
				INFOPLIST_FILE = ConsultaAutor/Info.plist;
				LD_RUNPATH_SEARCH_PATHS = "$(inherited) @executable_path/Frameworks";
				PRODUCT_BUNDLE_IDENTIFIER = com.quico.ConsultaAutor;
				PRODUCT_NAME = "$(TARGET_NAME)";
				SWIFT_VERSION = 4.0;
				TARGETED_DEVICE_FAMILY = 1;
			};
			name = Debug;
		};
		53FF394A1F9E27E400B2EFED /* Release */ = {
			isa = XCBuildConfiguration;
			buildSettings = {
				ASSETCATALOG_COMPILER_APPICON_NAME = AppIcon;
				CODE_SIGN_STYLE = Automatic;
				DEVELOPMENT_TEAM = F5GX626K37;
				FRAMEWORK_SEARCH_PATHS = (
					"$(inherited)",
					"$(PROJECT_DIR)/Carthage/Build/iOS",
				);
				INFOPLIST_FILE = ConsultaAutor/Info.plist;
				LD_RUNPATH_SEARCH_PATHS = "$(inherited) @executable_path/Frameworks";
				PRODUCT_BUNDLE_IDENTIFIER = com.quico.ConsultaAutor;
				PRODUCT_NAME = "$(TARGET_NAME)";
				SWIFT_VERSION = 4.0;
				TARGETED_DEVICE_FAMILY = 1;
			};
			name = Release;
		};
/* End XCBuildConfiguration section */

/* Begin XCConfigurationList section */
		53FF39311F9E27E300B2EFED /* Build configuration list for PBXProject "ConsultaAutor" */ = {
			isa = XCConfigurationList;
			buildConfigurations = (
				53FF39461F9E27E400B2EFED /* Debug */,
				53FF39471F9E27E400B2EFED /* Release */,
			);
			defaultConfigurationIsVisible = 0;
			defaultConfigurationName = Release;
		};
		53FF39481F9E27E400B2EFED /* Build configuration list for PBXNativeTarget "ConsultaAutor" */ = {
			isa = XCConfigurationList;
			buildConfigurations = (
				53FF39491F9E27E400B2EFED /* Debug */,
				53FF394A1F9E27E400B2EFED /* Release */,
			);
			defaultConfigurationIsVisible = 0;
			defaultConfigurationName = Release;
		};
/* End XCConfigurationList section */
	};
	rootObject = 53FF392E1F9E27E300B2EFED /* Project object */;
}
