// !$*UTF8*$!
{
	archiveVersion = 1;
	classes = {
	};
	objectVersion = 48;
	objects = {

/* Begin PBXBuildFile section */
		53FF393A1F9E27E400B2EFED /* AppDelegate.swift in Sources */ = {isa = PBXBuildFile; fileRef = 53FF39391F9E27E400B2EFED /* AppDelegate.swift */; };
		53FF39411F9E27E400B2EFED /* Assets.xcassets in Resources */ = {isa = PBXBuildFile; fileRef = 53FF39401F9E27E400B2EFED /* Assets.xcassets */; };
		6DF63D301FCDCAC400EE3B7F /* ArtistsDetailController.swift in Sources */ = {isa = PBXBuildFile; fileRef = 6DF63D2F1FCDCAC400EE3B7F /* ArtistsDetailController.swift */; };
		6DF63D321FCDCACD00EE3B7F /* SearchArtistViewController.swift in Sources */ = {isa = PBXBuildFile; fileRef = 6DF63D311FCDCACD00EE3B7F /* SearchArtistViewController.swift */; };
		6DFE2A0B1FCDCC1000AD3410 /* Album.swift in Sources */ = {isa = PBXBuildFile; fileRef = 6DFE2A061FCDCC1000AD3410 /* Album.swift */; };
		6DFE2A0C1FCDCC1000AD3410 /* Artist.swift in Sources */ = {isa = PBXBuildFile; fileRef = 6DFE2A071FCDCC1000AD3410 /* Artist.swift */; };
		6DFE2A0D1FCDCC1000AD3410 /* Artists.swift in Sources */ = {isa = PBXBuildFile; fileRef = 6DFE2A081FCDCC1000AD3410 /* Artists.swift */; };
		6DFE2A0E1FCDCC1000AD3410 /* Connector.swift in Sources */ = {isa = PBXBuildFile; fileRef = 6DFE2A091FCDCC1000AD3410 /* Connector.swift */; };
		6DFE2A0F1FCDCC1000AD3410 /* Discography.swift in Sources */ = {isa = PBXBuildFile; fileRef = 6DFE2A0A1FCDCC1000AD3410 /* Discography.swift */; };
		6DFE2A141FCDCC4F00AD3410 /* AlbumTableViewCell.xib in Resources */ = {isa = PBXBuildFile; fileRef = 6DFE2A121FCDCC4F00AD3410 /* AlbumTableViewCell.xib */; };
		6DFE2A151FCDCC4F00AD3410 /* AlbumTableViewCell.swift in Sources */ = {isa = PBXBuildFile; fileRef = 6DFE2A131FCDCC4F00AD3410 /* AlbumTableViewCell.swift */; };
		6DFE2A181FCDCC5800AD3410 /* ArtistTableViewCell.xib in Resources */ = {isa = PBXBuildFile; fileRef = 6DFE2A161FCDCC5800AD3410 /* ArtistTableViewCell.xib */; };
		6DFE2A191FCDCC5800AD3410 /* ArtistTableViewCell.swift in Sources */ = {isa = PBXBuildFile; fileRef = 6DFE2A171FCDCC5800AD3410 /* ArtistTableViewCell.swift */; };
		6DFE2A1C1FCDCC8200AD3410 /* StringExtension.swift in Sources */ = {isa = PBXBuildFile; fileRef = 6DFE2A1B1FCDCC8200AD3410 /* StringExtension.swift */; };
		6DFE2A1E1FCDCC8500AD3410 /* UIImageViewExtension.swift in Sources */ = {isa = PBXBuildFile; fileRef = 6DFE2A1D1FCDCC8500AD3410 /* UIImageViewExtension.swift */; };
		6DFE2A231FCDCCB400AD3410 /* LaunchScreen.storyboard in Resources */ = {isa = PBXBuildFile; fileRef = 6DFE2A1F1FCDCCB400AD3410 /* LaunchScreen.storyboard */; };
		6DFE2A241FCDCCB400AD3410 /* Main.storyboard in Resources */ = {isa = PBXBuildFile; fileRef = 6DFE2A211FCDCCB400AD3410 /* Main.storyboard */; };
		6DFE2A361FCDCE8600AD3410 /* Alamofire.framework in Frameworks */ = {isa = PBXBuildFile; fileRef = 6DFE2A321FCDCE8600AD3410 /* Alamofire.framework */; };
		6DFE2A371FCDCE8600AD3410 /* Alamofire.framework in Embed Frameworks */ = {isa = PBXBuildFile; fileRef = 6DFE2A321FCDCE8600AD3410 /* Alamofire.framework */; settings = {ATTRIBUTES = (CodeSignOnCopy, RemoveHeadersOnCopy, ); }; };
		6DFE2A381FCDCE8600AD3410 /* AlamofireImage.framework in Frameworks */ = {isa = PBXBuildFile; fileRef = 6DFE2A331FCDCE8600AD3410 /* AlamofireImage.framework */; };
		6DFE2A391FCDCE8600AD3410 /* AlamofireImage.framework in Embed Frameworks */ = {isa = PBXBuildFile; fileRef = 6DFE2A331FCDCE8600AD3410 /* AlamofireImage.framework */; settings = {ATTRIBUTES = (CodeSignOnCopy, RemoveHeadersOnCopy, ); }; };
		6DFE2A3A1FCDCE8600AD3410 /* ObjectMapper.framework in Frameworks */ = {isa = PBXBuildFile; fileRef = 6DFE2A341FCDCE8600AD3410 /* ObjectMapper.framework */; };
		6DFE2A3B1FCDCE8600AD3410 /* ObjectMapper.framework in Embed Frameworks */ = {isa = PBXBuildFile; fileRef = 6DFE2A341FCDCE8600AD3410 /* ObjectMapper.framework */; settings = {ATTRIBUTES = (CodeSignOnCopy, RemoveHeadersOnCopy, ); }; };
		6DFE2A3C1FCDCE8600AD3410 /* AlamofireObjectMapper.framework in Frameworks */ = {isa = PBXBuildFile; fileRef = 6DFE2A351FCDCE8600AD3410 /* AlamofireObjectMapper.framework */; };
		6DFE2A3D1FCDCE8600AD3410 /* AlamofireObjectMapper.framework in Embed Frameworks */ = {isa = PBXBuildFile; fileRef = 6DFE2A351FCDCE8600AD3410 /* AlamofireObjectMapper.framework */; settings = {ATTRIBUTES = (CodeSignOnCopy, RemoveHeadersOnCopy, ); }; };
/* End PBXBuildFile section */

/* Begin PBXCopyFilesBuildPhase section */
		6DFE2A311FCDCE3400AD3410 /* Embed Frameworks */ = {
			isa = PBXCopyFilesBuildPhase;
			buildActionMask = 2147483647;
			dstPath = "";
			dstSubfolderSpec = 10;
			files = (
				6DFE2A3B1FCDCE8600AD3410 /* ObjectMapper.framework in Embed Frameworks */,
				6DFE2A371FCDCE8600AD3410 /* Alamofire.framework in Embed Frameworks */,
				6DFE2A391FCDCE8600AD3410 /* AlamofireImage.framework in Embed Frameworks */,
				6DFE2A3D1FCDCE8600AD3410 /* AlamofireObjectMapper.framework in Embed Frameworks */,
			);
			name = "Embed Frameworks";
			runOnlyForDeploymentPostprocessing = 0;
		};
/* End PBXCopyFilesBuildPhase section */

/* Begin PBXFileReference section */
		53FF39361F9E27E400B2EFED /* ConsultaAutor.app */ = {isa = PBXFileReference; explicitFileType = wrapper.application; includeInIndex = 0; path = ConsultaAutor.app; sourceTree = BUILT_PRODUCTS_DIR; };
		53FF39391F9E27E400B2EFED /* AppDelegate.swift */ = {isa = PBXFileReference; lastKnownFileType = sourcecode.swift; path = AppDelegate.swift; sourceTree = "<group>"; };
		53FF39401F9E27E400B2EFED /* Assets.xcassets */ = {isa = PBXFileReference; lastKnownFileType = folder.assetcatalog; path = Assets.xcassets; sourceTree = "<group>"; };
		53FF39451F9E27E400B2EFED /* Info.plist */ = {isa = PBXFileReference; lastKnownFileType = text.plist.xml; path = Info.plist; sourceTree = "<group>"; };
		6DF63D2F1FCDCAC400EE3B7F /* ArtistsDetailController.swift */ = {isa = PBXFileReference; fileEncoding = 4; lastKnownFileType = sourcecode.swift; name = ArtistsDetailController.swift; path = ConsultaAutor/Controllers/ArtistsDetailController.swift; sourceTree = SOURCE_ROOT; };
		6DF63D311FCDCACD00EE3B7F /* SearchArtistViewController.swift */ = {isa = PBXFileReference; fileEncoding = 4; lastKnownFileType = sourcecode.swift; name = SearchArtistViewController.swift; path = ConsultaAutor/Controllers/SearchArtistViewController.swift; sourceTree = SOURCE_ROOT; };
		6DFE2A061FCDCC1000AD3410 /* Album.swift */ = {isa = PBXFileReference; fileEncoding = 4; lastKnownFileType = sourcecode.swift; path = Album.swift; sourceTree = "<group>"; };
		6DFE2A071FCDCC1000AD3410 /* Artist.swift */ = {isa = PBXFileReference; fileEncoding = 4; lastKnownFileType = sourcecode.swift; path = Artist.swift; sourceTree = "<group>"; };
		6DFE2A081FCDCC1000AD3410 /* Artists.swift */ = {isa = PBXFileReference; fileEncoding = 4; lastKnownFileType = sourcecode.swift; path = Artists.swift; sourceTree = "<group>"; };
		6DFE2A091FCDCC1000AD3410 /* Connector.swift */ = {isa = PBXFileReference; fileEncoding = 4; lastKnownFileType = sourcecode.swift; path = Connector.swift; sourceTree = "<group>"; };
		6DFE2A0A1FCDCC1000AD3410 /* Discography.swift */ = {isa = PBXFileReference; fileEncoding = 4; lastKnownFileType = sourcecode.swift; path = Discography.swift; sourceTree = "<group>"; };
		6DFE2A121FCDCC4F00AD3410 /* AlbumTableViewCell.xib */ = {isa = PBXFileReference; fileEncoding = 4; lastKnownFileType = file.xib; path = AlbumTableViewCell.xib; sourceTree = "<group>"; };
		6DFE2A131FCDCC4F00AD3410 /* AlbumTableViewCell.swift */ = {isa = PBXFileReference; fileEncoding = 4; lastKnownFileType = sourcecode.swift; path = AlbumTableViewCell.swift; sourceTree = "<group>"; };
		6DFE2A161FCDCC5800AD3410 /* ArtistTableViewCell.xib */ = {isa = PBXFileReference; fileEncoding = 4; lastKnownFileType = file.xib; path = ArtistTableViewCell.xib; sourceTree = "<group>"; };
		6DFE2A171FCDCC5800AD3410 /* ArtistTableViewCell.swift */ = {isa = PBXFileReference; fileEncoding = 4; lastKnownFileType = sourcecode.swift; path = ArtistTableViewCell.swift; sourceTree = "<group>"; };
		6DFE2A1B1FCDCC8200AD3410 /* StringExtension.swift */ = {isa = PBXFileReference; fileEncoding = 4; lastKnownFileType = sourcecode.swift; path = StringExtension.swift; sourceTree = "<group>"; };
		6DFE2A1D1FCDCC8500AD3410 /* UIImageViewExtension.swift */ = {isa = PBXFileReference; lastKnownFileType = sourcecode.swift; path = UIImageViewExtension.swift; sourceTree = "<group>"; };
		6DFE2A201FCDCCB400AD3410 /* Base */ = {isa = PBXFileReference; lastKnownFileType = file.storyboard; name = Base; path = Storyboards/Base.lproj/LaunchScreen.storyboard; sourceTree = "<group>"; };
		6DFE2A221FCDCCB400AD3410 /* Base */ = {isa = PBXFileReference; lastKnownFileType = file.storyboard; name = Base; path = Storyboards/Base.lproj/Main.storyboard; sourceTree = "<group>"; };
		6DFE2A321FCDCE8600AD3410 /* Alamofire.framework */ = {isa = PBXFileReference; lastKnownFileType = wrapper.framework; name = Alamofire.framework; path = Carthage/Build/iOS/Alamofire.framework; sourceTree = "<group>"; };
		6DFE2A331FCDCE8600AD3410 /* AlamofireImage.framework */ = {isa = PBXFileReference; lastKnownFileType = wrapper.framework; name = AlamofireImage.framework; path = Carthage/Build/iOS/AlamofireImage.framework; sourceTree = "<group>"; };
		6DFE2A341FCDCE8600AD3410 /* ObjectMapper.framework */ = {isa = PBXFileReference; lastKnownFileType = wrapper.framework; name = ObjectMapper.framework; path = Carthage/Build/iOS/ObjectMapper.framework; sourceTree = "<group>"; };
		6DFE2A351FCDCE8600AD3410 /* AlamofireObjectMapper.framework */ = {isa = PBXFileReference; lastKnownFileType = wrapper.framework; name = AlamofireObjectMapper.framework; path = Carthage/Build/iOS/AlamofireObjectMapper.framework; sourceTree = "<group>"; };
/* End PBXFileReference section */

/* Begin PBXFrameworksBuildPhase section */
		53FF39331F9E27E300B2EFED /* Frameworks */ = {
			isa = PBXFrameworksBuildPhase;
			buildActionMask = 2147483647;
			files = (
				6DFE2A3A1FCDCE8600AD3410 /* ObjectMapper.framework in Frameworks */,
				6DFE2A361FCDCE8600AD3410 /* Alamofire.framework in Frameworks */,
				6DFE2A381FCDCE8600AD3410 /* AlamofireImage.framework in Frameworks */,
				6DFE2A3C1FCDCE8600AD3410 /* AlamofireObjectMapper.framework in Frameworks */,
			);
			runOnlyForDeploymentPostprocessing = 0;
		};
/* End PBXFrameworksBuildPhase section */

/* Begin PBXGroup section */
		53FF392D1F9E27E300B2EFED = {
			isa = PBXGroup;
			children = (
				6DFE2A321FCDCE8600AD3410 /* Alamofire.framework */,
				6DFE2A331FCDCE8600AD3410 /* AlamofireImage.framework */,
				6DFE2A351FCDCE8600AD3410 /* AlamofireObjectMapper.framework */,
				6DFE2A341FCDCE8600AD3410 /* ObjectMapper.framework */,
				53FF39381F9E27E400B2EFED /* ConsultaAutor */,
				53FF39371F9E27E400B2EFED /* Products */,
			);
			sourceTree = "<group>";
		};
		53FF39371F9E27E400B2EFED /* Products */ = {
			isa = PBXGroup;
			children = (
				53FF39361F9E27E400B2EFED /* ConsultaAutor.app */,
			);
			name = Products;
			sourceTree = "<group>";
		};
		53FF39381F9E27E400B2EFED /* ConsultaAutor */ = {
			isa = PBXGroup;
			children = (
				6DFE2A1A1FCDCC7900AD3410 /* Extensions */,
				6DFE2A031FCDCBDF00AD3410 /* Beans */,
				6DFE29FD1FCDCB5300AD3410 /* Controllers */,
				53FF39391F9E27E400B2EFED /* AppDelegate.swift */,
				6DFE2A1F1FCDCCB400AD3410 /* LaunchScreen.storyboard */,
				6DFE2A211FCDCCB400AD3410 /* Main.storyboard */,
				53FF39401F9E27E400B2EFED /* Assets.xcassets */,
				53FF39451F9E27E400B2EFED /* Info.plist */,
			);
			path = ConsultaAutor;
			sourceTree = "<group>";
		};
		6DFE29FD1FCDCB5300AD3410 /* Controllers */ = {
			isa = PBXGroup;
			children = (
				6DF63D2F1FCDCAC400EE3B7F /* ArtistsDetailController.swift */,
				6DF63D311FCDCACD00EE3B7F /* SearchArtistViewController.swift */,
			);
			path = Controllers;
			sourceTree = "<group>";
		};
		6DFE2A031FCDCBDF00AD3410 /* Beans */ = {
			isa = PBXGroup;
			children = (
				6DFE2A051FCDCC0200AD3410 /* Models */,
				6DFE2A041FCDCBFC00AD3410 /* Cells */,
			);
			path = Beans;
			sourceTree = "<group>";
		};
		6DFE2A041FCDCBFC00AD3410 /* Cells */ = {
			isa = PBXGroup;
			children = (
				6DFE2A111FCDCC3C00AD3410 /* ArtistCell */,
				6DFE2A101FCDCC3500AD3410 /* AlbumCell */,
			);
			path = Cells;
			sourceTree = "<group>";
		};
		6DFE2A051FCDCC0200AD3410 /* Models */ = {
			isa = PBXGroup;
			children = (
				6DFE2A061FCDCC1000AD3410 /* Album.swift */,
				6DFE2A071FCDCC1000AD3410 /* Artist.swift */,
				6DFE2A081FCDCC1000AD3410 /* Artists.swift */,
				6DFE2A091FCDCC1000AD3410 /* Connector.swift */,
				6DFE2A0A1FCDCC1000AD3410 /* Discography.swift */,
			);
			path = Models;
			sourceTree = "<group>";
		};
		6DFE2A101FCDCC3500AD3410 /* AlbumCell */ = {
			isa = PBXGroup;
			children = (
				6DFE2A131FCDCC4F00AD3410 /* AlbumTableViewCell.swift */,
				6DFE2A121FCDCC4F00AD3410 /* AlbumTableViewCell.xib */,
			);
			path = AlbumCell;
			sourceTree = "<group>";
		};
		6DFE2A111FCDCC3C00AD3410 /* ArtistCell */ = {
			isa = PBXGroup;
			children = (
				6DFE2A171FCDCC5800AD3410 /* ArtistTableViewCell.swift */,
				6DFE2A161FCDCC5800AD3410 /* ArtistTableViewCell.xib */,
			);
			path = ArtistCell;
			sourceTree = "<group>";
		};
		6DFE2A1A1FCDCC7900AD3410 /* Extensions */ = {
			isa = PBXGroup;
			children = (
				6DFE2A1D1FCDCC8500AD3410 /* UIImageViewExtension.swift */,
				6DFE2A1B1FCDCC8200AD3410 /* StringExtension.swift */,
			);
			path = Extensions;
			sourceTree = "<group>";
		};
/* End PBXGroup section */

/* Begin PBXNativeTarget section */
		53FF39351F9E27E300B2EFED /* ConsultaAutor */ = {
			isa = PBXNativeTarget;
			buildConfigurationList = 53FF39481F9E27E400B2EFED /* Build configuration list for PBXNativeTarget "ConsultaAutor" */;
			buildPhases = (
				53FF39321F9E27E300B2EFED /* Sources */,
				53FF39331F9E27E300B2EFED /* Frameworks */,
				53FF39341F9E27E300B2EFED /* Resources */,
				6DFE2A311FCDCE3400AD3410 /* Embed Frameworks */,
			);
			buildRules = (
			);
			dependencies = (
			);
			name = ConsultaAutor;
			productName = ConsultaAutor;
			productReference = 53FF39361F9E27E400B2EFED /* ConsultaAutor.app */;
			productType = "com.apple.product-type.application";
		};
/* End PBXNativeTarget section */

/* Begin PBXProject section */
		53FF392E1F9E27E300B2EFED /* Project object */ = {
			isa = PBXProject;
			attributes = {
				LastSwiftUpdateCheck = 0900;
				LastUpgradeCheck = 0900;
				ORGANIZATIONNAME = SetonciOS;
				TargetAttributes = {
					53FF39351F9E27E300B2EFED = {
						CreatedOnToolsVersion = 9.0;
						ProvisioningStyle = Automatic;
					};
				};
			};
			buildConfigurationList = 53FF39311F9E27E300B2EFED /* Build configuration list for PBXProject "ConsultaAutor" */;
			compatibilityVersion = "Xcode 8.0";
			developmentRegion = en;
			hasScannedForEncodings = 0;
			knownRegions = (
				en,
				Base,
			);
			mainGroup = 53FF392D1F9E27E300B2EFED;
			productRefGroup = 53FF39371F9E27E400B2EFED /* Products */;
			projectDirPath = "";
			projectRoot = "";
			targets = (
				53FF39351F9E27E300B2EFED /* ConsultaAutor */,
			);
		};
/* End PBXProject section */

/* Begin PBXResourcesBuildPhase section */
		53FF39341F9E27E300B2EFED /* Resources */ = {
			isa = PBXResourcesBuildPhase;
			buildActionMask = 2147483647;
			files = (
				6DFE2A181FCDCC5800AD3410 /* ArtistTableViewCell.xib in Resources */,
				6DFE2A241FCDCCB400AD3410 /* Main.storyboard in Resources */,
				6DFE2A231FCDCCB400AD3410 /* LaunchScreen.storyboard in Resources */,
				53FF39411F9E27E400B2EFED /* Assets.xcassets in Resources */,
				6DFE2A141FCDCC4F00AD3410 /* AlbumTableViewCell.xib in Resources */,
			);
			runOnlyForDeploymentPostprocessing = 0;
		};
/* End PBXResourcesBuildPhase section */

/* Begin PBXSourcesBuildPhase section */
		53FF39321F9E27E300B2EFED /* Sources */ = {
			isa = PBXSourcesBuildPhase;
			buildActionMask = 2147483647;
			files = (
				6DF63D321FCDCACD00EE3B7F /* SearchArtistViewController.swift in Sources */,
				6DFE2A0F1FCDCC1000AD3410 /* Discography.swift in Sources */,
				6DFE2A1E1FCDCC8500AD3410 /* UIImageViewExtension.swift in Sources */,
				6DFE2A191FCDCC5800AD3410 /* ArtistTableViewCell.swift in Sources */,
				53FF393A1F9E27E400B2EFED /* AppDelegate.swift in Sources */,
				6DFE2A0D1FCDCC1000AD3410 /* Artists.swift in Sources */,
				6DF63D301FCDCAC400EE3B7F /* ArtistsDetailController.swift in Sources */,
				6DFE2A151FCDCC4F00AD3410 /* AlbumTableViewCell.swift in Sources */,
				6DFE2A0C1FCDCC1000AD3410 /* Artist.swift in Sources */,
				6DFE2A0E1FCDCC1000AD3410 /* Connector.swift in Sources */,
				6DFE2A1C1FCDCC8200AD3410 /* StringExtension.swift in Sources */,
				6DFE2A0B1FCDCC1000AD3410 /* Album.swift in Sources */,
			);
			runOnlyForDeploymentPostprocessing = 0;
		};
/* End PBXSourcesBuildPhase section */

/* Begin PBXVariantGroup section */
		6DFE2A1F1FCDCCB400AD3410 /* LaunchScreen.storyboard */ = {
			isa = PBXVariantGroup;
			children = (
				6DFE2A201FCDCCB400AD3410 /* Base */,
			);
			name = LaunchScreen.storyboard;
			sourceTree = "<group>";
		};
		6DFE2A211FCDCCB400AD3410 /* Main.storyboard */ = {
			isa = PBXVariantGroup;
			children = (
				6DFE2A221FCDCCB400AD3410 /* Base */,
			);
			name = Main.storyboard;
			sourceTree = "<group>";
		};
/* End PBXVariantGroup section */

/* Begin XCBuildConfiguration section */
		53FF39461F9E27E400B2EFED /* Debug */ = {
			isa = XCBuildConfiguration;
			buildSettings = {
				ALWAYS_SEARCH_USER_PATHS = NO;
				CLANG_ANALYZER_NONNULL = YES;
				CLANG_ANALYZER_NUMBER_OBJECT_CONVERSION = YES_AGGRESSIVE;
				CLANG_CXX_LANGUAGE_STANDARD = "gnu++14";
				CLANG_CXX_LIBRARY = "libc++";
				CLANG_ENABLE_MODULES = YES;
				CLANG_ENABLE_OBJC_ARC = YES;
				CLANG_WARN_BLOCK_CAPTURE_AUTORELEASING = YES;
				CLANG_WARN_BOOL_CONVERSION = YES;
				CLANG_WARN_COMMA = YES;
				CLANG_WARN_CONSTANT_CONVERSION = YES;
				CLANG_WARN_DIRECT_OBJC_ISA_USAGE = YES_ERROR;
				CLANG_WARN_DOCUMENTATION_COMMENTS = YES;
				CLANG_WARN_EMPTY_BODY = YES;
				CLANG_WARN_ENUM_CONVERSION = YES;
				CLANG_WARN_INFINITE_RECURSION = YES;
				CLANG_WARN_INT_CONVERSION = YES;
				CLANG_WARN_NON_LITERAL_NULL_CONVERSION = YES;
				CLANG_WARN_OBJC_LITERAL_CONVERSION = YES;
				CLANG_WARN_OBJC_ROOT_CLASS = YES_ERROR;
				CLANG_WARN_RANGE_LOOP_ANALYSIS = YES;
				CLANG_WARN_STRICT_PROTOTYPES = YES;
				CLANG_WARN_SUSPICIOUS_MOVE = YES;
				CLANG_WARN_UNGUARDED_AVAILABILITY = YES_AGGRESSIVE;
				CLANG_WARN_UNREACHABLE_CODE = YES;
				CLANG_WARN__DUPLICATE_METHOD_MATCH = YES;
				CODE_SIGN_IDENTITY = "iPhone Developer";
				COPY_PHASE_STRIP = NO;
				DEBUG_INFORMATION_FORMAT = dwarf;
				ENABLE_STRICT_OBJC_MSGSEND = YES;
				ENABLE_TESTABILITY = YES;
				GCC_C_LANGUAGE_STANDARD = gnu11;
				GCC_DYNAMIC_NO_PIC = NO;
				GCC_NO_COMMON_BLOCKS = YES;
				GCC_OPTIMIZATION_LEVEL = 0;
				GCC_PREPROCESSOR_DEFINITIONS = (
					"DEBUG=1",
					"$(inherited)",
				);
				GCC_WARN_64_TO_32_BIT_CONVERSION = YES;
				GCC_WARN_ABOUT_RETURN_TYPE = YES_ERROR;
				GCC_WARN_UNDECLARED_SELECTOR = YES;
				GCC_WARN_UNINITIALIZED_AUTOS = YES_AGGRESSIVE;
				GCC_WARN_UNUSED_FUNCTION = YES;
				GCC_WARN_UNUSED_VARIABLE = YES;
				IPHONEOS_DEPLOYMENT_TARGET = 11.0;
				MTL_ENABLE_DEBUG_INFO = YES;
				ONLY_ACTIVE_ARCH = YES;
				SDKROOT = iphoneos;
				SWIFT_ACTIVE_COMPILATION_CONDITIONS = DEBUG;
				SWIFT_OPTIMIZATION_LEVEL = "-Onone";
			};
			name = Debug;
		};
		53FF39471F9E27E400B2EFED /* Release */ = {
			isa = XCBuildConfiguration;
			buildSettings = {
				ALWAYS_SEARCH_USER_PATHS = NO;
				CLANG_ANALYZER_NONNULL = YES;
				CLANG_ANALYZER_NUMBER_OBJECT_CONVERSION = YES_AGGRESSIVE;
				CLANG_CXX_LANGUAGE_STANDARD = "gnu++14";
				CLANG_CXX_LIBRARY = "libc++";
				CLANG_ENABLE_MODULES = YES;
				CLANG_ENABLE_OBJC_ARC = YES;
				CLANG_WARN_BLOCK_CAPTURE_AUTORELEASING = YES;
				CLANG_WARN_BOOL_CONVERSION = YES;
				CLANG_WARN_COMMA = YES;
				CLANG_WARN_CONSTANT_CONVERSION = YES;
				CLANG_WARN_DIRECT_OBJC_ISA_USAGE = YES_ERROR;
				CLANG_WARN_DOCUMENTATION_COMMENTS = YES;
				CLANG_WARN_EMPTY_BODY = YES;
				CLANG_WARN_ENUM_CONVERSION = YES;
				CLANG_WARN_INFINITE_RECURSION = YES;
				CLANG_WARN_INT_CONVERSION = YES;
				CLANG_WARN_NON_LITERAL_NULL_CONVERSION = YES;
				CLANG_WARN_OBJC_LITERAL_CONVERSION = YES;
				CLANG_WARN_OBJC_ROOT_CLASS = YES_ERROR;
				CLANG_WARN_RANGE_LOOP_ANALYSIS = YES;
				CLANG_WARN_STRICT_PROTOTYPES = YES;
				CLANG_WARN_SUSPICIOUS_MOVE = YES;
				CLANG_WARN_UNGUARDED_AVAILABILITY = YES_AGGRESSIVE;
				CLANG_WARN_UNREACHABLE_CODE = YES;
				CLANG_WARN__DUPLICATE_METHOD_MATCH = YES;
				CODE_SIGN_IDENTITY = "iPhone Developer";
				COPY_PHASE_STRIP = NO;
				DEBUG_INFORMATION_FORMAT = "dwarf-with-dsym";
				ENABLE_NS_ASSERTIONS = NO;
				ENABLE_STRICT_OBJC_MSGSEND = YES;
				GCC_C_LANGUAGE_STANDARD = gnu11;
				GCC_NO_COMMON_BLOCKS = YES;
				GCC_WARN_64_TO_32_BIT_CONVERSION = YES;
				GCC_WARN_ABOUT_RETURN_TYPE = YES_ERROR;
				GCC_WARN_UNDECLARED_SELECTOR = YES;
				GCC_WARN_UNINITIALIZED_AUTOS = YES_AGGRESSIVE;
				GCC_WARN_UNUSED_FUNCTION = YES;
				GCC_WARN_UNUSED_VARIABLE = YES;
				IPHONEOS_DEPLOYMENT_TARGET = 11.0;
				MTL_ENABLE_DEBUG_INFO = NO;
				SDKROOT = iphoneos;
				SWIFT_OPTIMIZATION_LEVEL = "-Owholemodule";
				VALIDATE_PRODUCT = YES;
			};
			name = Release;
		};
		53FF39491F9E27E400B2EFED /* Debug */ = {
			isa = XCBuildConfiguration;
			buildSettings = {
				ASSETCATALOG_COMPILER_APPICON_NAME = AppIcon;
				CODE_SIGN_STYLE = Automatic;
				DEVELOPMENT_TEAM = F5GX626K37;
				FRAMEWORK_SEARCH_PATHS = (
					"$(inherited)",
					"$(PROJECT_DIR)/Carthage/Build/iOS",
				);
				INFOPLIST_FILE = ConsultaAutor/Info.plist;
				LD_RUNPATH_SEARCH_PATHS = "$(inherited) @executable_path/Frameworks";
				PRODUCT_BUNDLE_IDENTIFIER = com.quico.ConsultaAutor;
				PRODUCT_NAME = "$(TARGET_NAME)";
				SWIFT_VERSION = 4.0;
				TARGETED_DEVICE_FAMILY = 1;
			};
			name = Debug;
		};
		53FF394A1F9E27E400B2EFED /* Release */ = {
			isa = XCBuildConfiguration;
			buildSettings = {
				ASSETCATALOG_COMPILER_APPICON_NAME = AppIcon;
				CODE_SIGN_STYLE = Automatic;
				DEVELOPMENT_TEAM = F5GX626K37;
				FRAMEWORK_SEARCH_PATHS = (
					"$(inherited)",
					"$(PROJECT_DIR)/Carthage/Build/iOS",
				);
				INFOPLIST_FILE = ConsultaAutor/Info.plist;
				LD_RUNPATH_SEARCH_PATHS = "$(inherited) @executable_path/Frameworks";
				PRODUCT_BUNDLE_IDENTIFIER = com.quico.ConsultaAutor;
				PRODUCT_NAME = "$(TARGET_NAME)";
				SWIFT_VERSION = 4.0;
				TARGETED_DEVICE_FAMILY = 1;
			};
			name = Release;
		};
/* End XCBuildConfiguration section */

/* Begin XCConfigurationList section */
		53FF39311F9E27E300B2EFED /* Build configuration list for PBXProject "ConsultaAutor" */ = {
			isa = XCConfigurationList;
			buildConfigurations = (
				53FF39461F9E27E400B2EFED /* Debug */,
				53FF39471F9E27E400B2EFED /* Release */,
			);
			defaultConfigurationIsVisible = 0;
			defaultConfigurationName = Release;
		};
		53FF39481F9E27E400B2EFED /* Build configuration list for PBXNativeTarget "ConsultaAutor" */ = {
			isa = XCConfigurationList;
			buildConfigurations = (
				53FF39491F9E27E400B2EFED /* Debug */,
				53FF394A1F9E27E400B2EFED /* Release */,
			);
			defaultConfigurationIsVisible = 0;
			defaultConfigurationName = Release;
		};
/* End XCConfigurationList section */
	};
	rootObject = 53FF392E1F9E27E300B2EFED /* Project object */;
}
